
Microsoft Visual Studio Solution File, Format Version 12.00
Project("{FAE04EC0-301F-11D3-BF4B-00C04F79EFBC}") = "HW_003_07", "HW_003_07\HW_003_07.csproj", "{1B980450-6FA6-42CC-82AB-F7CA3B310FA6}"
EndProject
Global
	GlobalSection(SolutionConfigurationPlatforms) = preSolution
		Debug|Any CPU = Debug|Any CPU
		Release|Any CPU = Release|Any CPU
	EndGlobalSection
	GlobalSection(ProjectConfigurationPlatforms) = postSolution
		{1B980450-6FA6-42CC-82AB-F7CA3B310FA6}.Debug|Any CPU.ActiveCfg = Debug|Any CPU
		{1B980450-6FA6-42CC-82AB-F7CA3B310FA6}.Debug|Any CPU.Build.0 = Debug|Any CPU
		{1B980450-6FA6-42CC-82AB-F7CA3B310FA6}.Release|Any CPU.ActiveCfg = Release|Any CPU
		{1B980450-6FA6-42CC-82AB-F7CA3B310FA6}.Release|Any CPU.Build.0 = Release|Any CPU
	EndGlobalSection
EndGlobal
